
Microsoft Visual Studio Solution File, Format Version 12.00
# Visual Studio Version 17
VisualStudioVersion = 17.5.33530.505
MinimumVisualStudioVersion = 10.0.40219.1
Project("{FAE04EC0-301F-11D3-BF4B-00C04F79EFBC}") = "InnoAssignment1", "InnoAssignment1\InnoAssignment1.csproj", "{5B641E1A-64FC-4C8C-ADBF-31CA76EEFB56}"
EndProject
Project("{FAE04EC0-301F-11D3-BF4B-00C04F79EFBC}") = "DataModel", "DataModel\DataModel.csproj", "{A907BDB1-D803-4E8F-A529-22EA453A7ABF}"
EndProject
Project("{FAE04EC0-301F-11D3-BF4B-00C04F79EFBC}") = "DAL", "DAL\DAL.csproj", "{B09DEF53-1A82-425E-901B-CEB23B7A9CCC}"
EndProject
Global
	GlobalSection(SolutionConfigurationPlatforms) = preSolution
		Debug|Any CPU = Debug|Any CPU
		Release|Any CPU = Release|Any CPU
	EndGlobalSection
	GlobalSection(ProjectConfigurationPlatforms) = postSolution
		{5B641E1A-64FC-4C8C-ADBF-31CA76EEFB56}.Debug|Any CPU.ActiveCfg = Debug|Any CPU
		{5B641E1A-64FC-4C8C-ADBF-31CA76EEFB56}.Debug|Any CPU.Build.0 = Debug|Any CPU
		{5B641E1A-64FC-4C8C-ADBF-31CA76EEFB56}.Release|Any CPU.ActiveCfg = Release|Any CPU
		{5B641E1A-64FC-4C8C-ADBF-31CA76EEFB56}.Release|Any CPU.Build.0 = Release|Any CPU
		{A907BDB1-D803-4E8F-A529-22EA453A7ABF}.Debug|Any CPU.ActiveCfg = Debug|Any CPU
		{A907BDB1-D803-4E8F-A529-22EA453A7ABF}.Debug|Any CPU.Build.0 = Debug|Any CPU
		{A907BDB1-D803-4E8F-A529-22EA453A7ABF}.Release|Any CPU.ActiveCfg = Release|Any CPU
		{A907BDB1-D803-4E8F-A529-22EA453A7ABF}.Release|Any CPU.Build.0 = Release|Any CPU
		{B09DEF53-1A82-425E-901B-CEB23B7A9CCC}.Debug|Any CPU.ActiveCfg = Debug|Any CPU
		{B09DEF53-1A82-425E-901B-CEB23B7A9CCC}.Debug|Any CPU.Build.0 = Debug|Any CPU
		{B09DEF53-1A82-425E-901B-CEB23B7A9CCC}.Release|Any CPU.ActiveCfg = Release|Any CPU
		{B09DEF53-1A82-425E-901B-CEB23B7A9CCC}.Release|Any CPU.Build.0 = Release|Any CPU
	EndGlobalSection
	GlobalSection(SolutionProperties) = preSolution
		HideSolutionNode = FALSE
	EndGlobalSection
	GlobalSection(ExtensibilityGlobals) = postSolution
		SolutionGuid = {1B77307A-6585-4374-9CBA-0A1A291C54D3}
	EndGlobalSection
EndGlobal
